// !$*UTF8*$!
{
	archiveVersion = 1;
	classes = {
	};
	objectVersion = 46;
	objects = {

/* Begin PBXBuildFile section */
		4A8D75AC8ABA632F6FDC418D /* Pods_DynamicRegistration.framework in Frameworks */ = {isa = PBXBuildFile; fileRef = 191A0BF92CD816899D57F15C /* Pods_DynamicRegistration.framework */; };
		9DBF2FE61C6DF58600C21DEA /* AppDelegate.swift in Sources */ = {isa = PBXBuildFile; fileRef = 9DBF2FD91C6DF58600C21DEA /* AppDelegate.swift */; };
		9DBF2FE71C6DF58600C21DEA /* Assets.xcassets in Resources */ = {isa = PBXBuildFile; fileRef = 9DBF2FDA1C6DF58600C21DEA /* Assets.xcassets */; };
		9DBF2FE81C6DF58600C21DEA /* LaunchScreen.storyboard in Resources */ = {isa = PBXBuildFile; fileRef = 9DBF2FDB1C6DF58600C21DEA /* LaunchScreen.storyboard */; };
		9DBF2FE91C6DF58600C21DEA /* Main.storyboard in Resources */ = {isa = PBXBuildFile; fileRef = 9DBF2FDD1C6DF58600C21DEA /* Main.storyboard */; };
		9DBF2FEA1C6DF58600C21DEA /* FakeAPIService.swift in Sources */ = {isa = PBXBuildFile; fileRef = 9DBF2FDF1C6DF58600C21DEA /* FakeAPIService.swift */; };
		9DBF2FEC1C6DF58600C21DEA /* RegistrationViewController.swift in Sources */ = {isa = PBXBuildFile; fileRef = 9DBF2FE11C6DF58600C21DEA /* RegistrationViewController.swift */; };
		9DBF2FED1C6DF58600C21DEA /* RegistrationViewModel.swift in Sources */ = {isa = PBXBuildFile; fileRef = 9DBF2FE21C6DF58600C21DEA /* RegistrationViewModel.swift */; };
		9DBF2FEE1C6DF58600C21DEA /* StringExtension.swift in Sources */ = {isa = PBXBuildFile; fileRef = 9DBF2FE31C6DF58600C21DEA /* StringExtension.swift */; };
		9DBF2FEF1C6DF58600C21DEA /* SummaryViewController.swift in Sources */ = {isa = PBXBuildFile; fileRef = 9DBF2FE41C6DF58600C21DEA /* SummaryViewController.swift */; };
		9DBF2FF01C6DF58600C21DEA /* SummaryViewModel.swift in Sources */ = {isa = PBXBuildFile; fileRef = 9DBF2FE51C6DF58600C21DEA /* SummaryViewModel.swift */; };
/* End PBXBuildFile section */

/* Begin PBXFileReference section */
		02098F8B1CE9BB7C88CA131B /* Pods-DynamicRegistration.release.xcconfig */ = {isa = PBXFileReference; includeInIndex = 1; lastKnownFileType = text.xcconfig; name = "Pods-DynamicRegistration.release.xcconfig"; path = "Pods/Target Support Files/Pods-DynamicRegistration/Pods-DynamicRegistration.release.xcconfig"; sourceTree = "<group>"; };
		191A0BF92CD816899D57F15C /* Pods_DynamicRegistration.framework */ = {isa = PBXFileReference; explicitFileType = wrapper.framework; includeInIndex = 0; path = Pods_DynamicRegistration.framework; sourceTree = BUILT_PRODUCTS_DIR; };
		37DD12FE1C695CBF008F7826 /* DynamicRegistration.app */ = {isa = PBXFileReference; explicitFileType = wrapper.application; includeInIndex = 0; path = DynamicRegistration.app; sourceTree = BUILT_PRODUCTS_DIR; };
		9326BAFF294E30799BE983EF /* Pods-DynamicRegistration.debug.xcconfig */ = {isa = PBXFileReference; includeInIndex = 1; lastKnownFileType = text.xcconfig; name = "Pods-DynamicRegistration.debug.xcconfig"; path = "Pods/Target Support Files/Pods-DynamicRegistration/Pods-DynamicRegistration.debug.xcconfig"; sourceTree = "<group>"; };
		9DBF2FD91C6DF58600C21DEA /* AppDelegate.swift */ = {isa = PBXFileReference; fileEncoding = 4; lastKnownFileType = sourcecode.swift; path = AppDelegate.swift; sourceTree = "<group>"; };
		9DBF2FDA1C6DF58600C21DEA /* Assets.xcassets */ = {isa = PBXFileReference; lastKnownFileType = folder.assetcatalog; path = Assets.xcassets; sourceTree = "<group>"; };
		9DBF2FDC1C6DF58600C21DEA /* Base */ = {isa = PBXFileReference; lastKnownFileType = file.storyboard; name = Base; path = Base.lproj/LaunchScreen.storyboard; sourceTree = "<group>"; };
		9DBF2FDE1C6DF58600C21DEA /* Base */ = {isa = PBXFileReference; lastKnownFileType = file.storyboard; name = Base; path = Base.lproj/Main.storyboard; sourceTree = "<group>"; };
		9DBF2FDF1C6DF58600C21DEA /* FakeAPIService.swift */ = {isa = PBXFileReference; fileEncoding = 4; lastKnownFileType = sourcecode.swift; path = FakeAPIService.swift; sourceTree = "<group>"; };
		9DBF2FE01C6DF58600C21DEA /* Info.plist */ = {isa = PBXFileReference; fileEncoding = 4; lastKnownFileType = text.plist.xml; path = Info.plist; sourceTree = "<group>"; };
		9DBF2FE11C6DF58600C21DEA /* RegistrationViewController.swift */ = {isa = PBXFileReference; fileEncoding = 4; lastKnownFileType = sourcecode.swift; path = RegistrationViewController.swift; sourceTree = "<group>"; };
		9DBF2FE21C6DF58600C21DEA /* RegistrationViewModel.swift */ = {isa = PBXFileReference; fileEncoding = 4; lastKnownFileType = sourcecode.swift; path = RegistrationViewModel.swift; sourceTree = "<group>"; };
		9DBF2FE31C6DF58600C21DEA /* StringExtension.swift */ = {isa = PBXFileReference; fileEncoding = 4; lastKnownFileType = sourcecode.swift; path = StringExtension.swift; sourceTree = "<group>"; };
		9DBF2FE41C6DF58600C21DEA /* SummaryViewController.swift */ = {isa = PBXFileReference; fileEncoding = 4; lastKnownFileType = sourcecode.swift; path = SummaryViewController.swift; sourceTree = "<group>"; };
		9DBF2FE51C6DF58600C21DEA /* SummaryViewModel.swift */ = {isa = PBXFileReference; fileEncoding = 4; lastKnownFileType = sourcecode.swift; path = SummaryViewModel.swift; sourceTree = "<group>"; };
/* End PBXFileReference section */

/* Begin PBXFrameworksBuildPhase section */
		37DD12FB1C695CBF008F7826 /* Frameworks */ = {
			isa = PBXFrameworksBuildPhase;
			buildActionMask = 2147483647;
			files = (
				4A8D75AC8ABA632F6FDC418D /* Pods_DynamicRegistration.framework in Frameworks */,
			);
			runOnlyForDeploymentPostprocessing = 0;
		};
/* End PBXFrameworksBuildPhase section */

/* Begin PBXGroup section */
		1D8F64C696F9F8C9B5DCB541 /* Frameworks */ = {
			isa = PBXGroup;
			children = (
				191A0BF92CD816899D57F15C /* Pods_DynamicRegistration.framework */,
			);
			name = Frameworks;
			sourceTree = "<group>";
		};
		3630422323672F893FAF277E /* Pods */ = {
			isa = PBXGroup;
			children = (
				9326BAFF294E30799BE983EF /* Pods-DynamicRegistration.debug.xcconfig */,
				02098F8B1CE9BB7C88CA131B /* Pods-DynamicRegistration.release.xcconfig */,
			);
			name = Pods;
			sourceTree = "<group>";
		};
		37DD12F51C695CBF008F7826 = {
			isa = PBXGroup;
			children = (
				9DBF2FD81C6DF58600C21DEA /* DynamicRegistration */,
				37DD12FF1C695CBF008F7826 /* Products */,
				3630422323672F893FAF277E /* Pods */,
				1D8F64C696F9F8C9B5DCB541 /* Frameworks */,
			);
			sourceTree = "<group>";
		};
		37DD12FF1C695CBF008F7826 /* Products */ = {
			isa = PBXGroup;
			children = (
				37DD12FE1C695CBF008F7826 /* DynamicRegistration.app */,
			);
			name = Products;
			sourceTree = "<group>";
		};
		9DBF2FD81C6DF58600C21DEA /* DynamicRegistration */ = {
			isa = PBXGroup;
			children = (
				9DF2D0791C7DFE7F00C8A114 /* Classes */,
				9DF2D07A1C7DFE9200C8A114 /* Views */,
				9DF2D07B1C7DFEA100C8A114 /* Ressources */,
			);
			path = DynamicRegistration;
			sourceTree = "<group>";
		};
		9DF2D0791C7DFE7F00C8A114 /* Classes */ = {
			isa = PBXGroup;
			children = (
				9DBF2FD91C6DF58600C21DEA /* AppDelegate.swift */,
				9DBF2FE31C6DF58600C21DEA /* StringExtension.swift */,
				9DBF2FDF1C6DF58600C21DEA /* FakeAPIService.swift */,
				9DBF2FE11C6DF58600C21DEA /* RegistrationViewController.swift */,
				9DBF2FE21C6DF58600C21DEA /* RegistrationViewModel.swift */,
				9DBF2FE41C6DF58600C21DEA /* SummaryViewController.swift */,
				9DBF2FE51C6DF58600C21DEA /* SummaryViewModel.swift */,
			);
			name = Classes;
			sourceTree = "<group>";
		};
		9DF2D07A1C7DFE9200C8A114 /* Views */ = {
			isa = PBXGroup;
			children = (
				9DBF2FDB1C6DF58600C21DEA /* LaunchScreen.storyboard */,
				9DBF2FDD1C6DF58600C21DEA /* Main.storyboard */,
			);
			name = Views;
			sourceTree = "<group>";
		};
		9DF2D07B1C7DFEA100C8A114 /* Ressources */ = {
			isa = PBXGroup;
			children = (
				9DBF2FDA1C6DF58600C21DEA /* Assets.xcassets */,
				9DBF2FE01C6DF58600C21DEA /* Info.plist */,
			);
			name = Ressources;
			sourceTree = "<group>";
		};
/* End PBXGroup section */

/* Begin PBXNativeTarget section */
		37DD12FD1C695CBF008F7826 /* DynamicRegistration */ = {
			isa = PBXNativeTarget;
			buildConfigurationList = 37DD13101C695CBF008F7826 /* Build configuration list for PBXNativeTarget "DynamicRegistration" */;
			buildPhases = (
				37DD12FA1C695CBF008F7826 /* Sources */,
				37DD12FB1C695CBF008F7826 /* Frameworks */,
				37DD12FC1C695CBF008F7826 /* Resources */,
				8046AF2B1397FB9AB694B4B1 /* Embed Pods Frameworks */,
			);
			buildRules = (
			);
			dependencies = (
			);
			name = DynamicRegistration;
			productName = DynamicRegistration;
			productReference = 37DD12FE1C695CBF008F7826 /* DynamicRegistration.app */;
			productType = "com.apple.product-type.application";
		};
/* End PBXNativeTarget section */

/* Begin PBXProject section */
		37DD12F61C695CBF008F7826 /* Project object */ = {
			isa = PBXProject;
			attributes = {
				LastSwiftUpdateCheck = 0720;
				LastUpgradeCheck = 0720;
				ORGANIZATIONNAME = "Allan Barbato";
				TargetAttributes = {
					37DD12FD1C695CBF008F7826 = {
						CreatedOnToolsVersion = 7.2;
					};
				};
			};
			buildConfigurationList = 37DD12F91C695CBF008F7826 /* Build configuration list for PBXProject "DynamicRegistration" */;
			compatibilityVersion = "Xcode 3.2";
			developmentRegion = English;
			hasScannedForEncodings = 0;
			knownRegions = (
				en,
				Base,
			);
			mainGroup = 37DD12F51C695CBF008F7826;
			productRefGroup = 37DD12FF1C695CBF008F7826 /* Products */;
			projectDirPath = "";
			projectRoot = "";
			targets = (
				37DD12FD1C695CBF008F7826 /* DynamicRegistration */,
			);
		};
/* End PBXProject section */

/* Begin PBXResourcesBuildPhase section */
		37DD12FC1C695CBF008F7826 /* Resources */ = {
			isa = PBXResourcesBuildPhase;
			buildActionMask = 2147483647;
			files = (
				9DBF2FE91C6DF58600C21DEA /* Main.storyboard in Resources */,
				9DBF2FE71C6DF58600C21DEA /* Assets.xcassets in Resources */,
				9DBF2FE81C6DF58600C21DEA /* LaunchScreen.storyboard in Resources */,
			);
			runOnlyForDeploymentPostprocessing = 0;
		};
/* End PBXResourcesBuildPhase section */

/* Begin PBXShellScriptBuildPhase section */
		8046AF2B1397FB9AB694B4B1 /* Embed Pods Frameworks */ = {
			isa = PBXShellScriptBuildPhase;
			buildActionMask = 2147483647;
			files = (
			);
			inputPaths = (
			);
			name = "Embed Pods Frameworks";
			outputPaths = (
			);
			runOnlyForDeploymentPostprocessing = 0;
			shellPath = /bin/sh;
			shellScript = "\"${SRCROOT}/Pods/Target Support Files/Pods-DynamicRegistration/Pods-DynamicRegistration-frameworks.sh\"\n";
			showEnvVarsInLog = 0;
		};
/* End PBXShellScriptBuildPhase section */

/* Begin PBXSourcesBuildPhase section */
		37DD12FA1C695CBF008F7826 /* Sources */ = {
			isa = PBXSourcesBuildPhase;
			buildActionMask = 2147483647;
			files = (
				9DBF2FEC1C6DF58600C21DEA /* RegistrationViewController.swift in Sources */,
				9DBF2FED1C6DF58600C21DEA /* RegistrationViewModel.swift in Sources */,
				9DBF2FEE1C6DF58600C21DEA /* StringExtension.swift in Sources */,
				9DBF2FE61C6DF58600C21DEA /* AppDelegate.swift in Sources */,
				9DBF2FF01C6DF58600C21DEA /* SummaryViewModel.swift in Sources */,
				9DBF2FEA1C6DF58600C21DEA /* FakeAPIService.swift in Sources */,
				9DBF2FEF1C6DF58600C21DEA /* SummaryViewController.swift in Sources */,
			);
			runOnlyForDeploymentPostprocessing = 0;
		};
/* End PBXSourcesBuildPhase section */

/* Begin PBXVariantGroup section */
		9DBF2FDB1C6DF58600C21DEA /* LaunchScreen.storyboard */ = {
			isa = PBXVariantGroup;
			children = (
				9DBF2FDC1C6DF58600C21DEA /* Base */,
			);
			name = LaunchScreen.storyboard;
			sourceTree = "<group>";
		};
		9DBF2FDD1C6DF58600C21DEA /* Main.storyboard */ = {
			isa = PBXVariantGroup;
			children = (
				9DBF2FDE1C6DF58600C21DEA /* Base */,
			);
			name = Main.storyboard;
			sourceTree = "<group>";
		};
/* End PBXVariantGroup section */

/* Begin XCBuildConfiguration section */
		37DD130E1C695CBF008F7826 /* Debug */ = {
			isa = XCBuildConfiguration;
			buildSettings = {
				ALWAYS_SEARCH_USER_PATHS = NO;
				CLANG_CXX_LANGUAGE_STANDARD = "gnu++0x";
				CLANG_CXX_LIBRARY = "libc++";
				CLANG_ENABLE_MODULES = YES;
				CLANG_ENABLE_OBJC_ARC = YES;
				CLANG_WARN_BOOL_CONVERSION = YES;
				CLANG_WARN_CONSTANT_CONVERSION = YES;
				CLANG_WARN_DIRECT_OBJC_ISA_USAGE = YES_ERROR;
				CLANG_WARN_EMPTY_BODY = YES;
				CLANG_WARN_ENUM_CONVERSION = YES;
				CLANG_WARN_INT_CONVERSION = YES;
				CLANG_WARN_OBJC_ROOT_CLASS = YES_ERROR;
				CLANG_WARN_UNREACHABLE_CODE = YES;
				CLANG_WARN__DUPLICATE_METHOD_MATCH = YES;
				"CODE_SIGN_IDENTITY[sdk=iphoneos*]" = "iPhone Developer";
				COPY_PHASE_STRIP = NO;
				DEBUG_INFORMATION_FORMAT = dwarf;
				ENABLE_STRICT_OBJC_MSGSEND = YES;
				ENABLE_TESTABILITY = YES;
				GCC_C_LANGUAGE_STANDARD = gnu99;
				GCC_DYNAMIC_NO_PIC = NO;
				GCC_NO_COMMON_BLOCKS = YES;
				GCC_OPTIMIZATION_LEVEL = 0;
				GCC_PREPROCESSOR_DEFINITIONS = (
					"DEBUG=1",
					"$(inherited)",
				);
				GCC_WARN_64_TO_32_BIT_CONVERSION = YES;
				GCC_WARN_ABOUT_RETURN_TYPE = YES_ERROR;
				GCC_WARN_UNDECLARED_SELECTOR = YES;
				GCC_WARN_UNINITIALIZED_AUTOS = YES_AGGRESSIVE;
				GCC_WARN_UNUSED_FUNCTION = YES;
				GCC_WARN_UNUSED_VARIABLE = YES;
				IPHONEOS_DEPLOYMENT_TARGET = 9.2;
				MTL_ENABLE_DEBUG_INFO = YES;
				ONLY_ACTIVE_ARCH = YES;
				SDKROOT = iphoneos;
				SWIFT_OPTIMIZATION_LEVEL = "-Onone";
			};
			name = Debug;
		};
		37DD130F1C695CBF008F7826 /* Release */ = {
			isa = XCBuildConfiguration;
			buildSettings = {
				ALWAYS_SEARCH_USER_PATHS = NO;
				CLANG_CXX_LANGUAGE_STANDARD = "gnu++0x";
				CLANG_CXX_LIBRARY = "libc++";
				CLANG_ENABLE_MODULES = YES;
				CLANG_ENABLE_OBJC_ARC = YES;
				CLANG_WARN_BOOL_CONVERSION = YES;
				CLANG_WARN_CONSTANT_CONVERSION = YES;
				CLANG_WARN_DIRECT_OBJC_ISA_USAGE = YES_ERROR;
				CLANG_WARN_EMPTY_BODY = YES;
				CLANG_WARN_ENUM_CONVERSION = YES;
				CLANG_WARN_INT_CONVERSION = YES;
				CLANG_WARN_OBJC_ROOT_CLASS = YES_ERROR;
				CLANG_WARN_UNREACHABLE_CODE = YES;
				CLANG_WARN__DUPLICATE_METHOD_MATCH = YES;
				"CODE_SIGN_IDENTITY[sdk=iphoneos*]" = "iPhone Developer";
				COPY_PHASE_STRIP = NO;
				DEBUG_INFORMATION_FORMAT = "dwarf-with-dsym";
				ENABLE_NS_ASSERTIONS = NO;
				ENABLE_STRICT_OBJC_MSGSEND = YES;
				GCC_C_LANGUAGE_STANDARD = gnu99;
				GCC_NO_COMMON_BLOCKS = YES;
				GCC_WARN_64_TO_32_BIT_CONVERSION = YES;
				GCC_WARN_ABOUT_RETURN_TYPE = YES_ERROR;
				GCC_WARN_UNDECLARED_SELECTOR = YES;
				GCC_WARN_UNINITIALIZED_AUTOS = YES_AGGRESSIVE;
				GCC_WARN_UNUSED_FUNCTION = YES;
				GCC_WARN_UNUSED_VARIABLE = YES;
				IPHONEOS_DEPLOYMENT_TARGET = 9.2;
				MTL_ENABLE_DEBUG_INFO = NO;
				SDKROOT = iphoneos;
				VALIDATE_PRODUCT = YES;
			};
			name = Release;
		};
		37DD13111C695CBF008F7826 /* Debug */ = {
			isa = XCBuildConfiguration;
			baseConfigurationReference = 9326BAFF294E30799BE983EF /* Pods-DynamicRegistration.debug.xcconfig */;
			buildSettings = {
				ASSETCATALOG_COMPILER_APPICON_NAME = AppIcon;
				INFOPLIST_FILE = "$(SRCROOT)/DynamicRegistration/Info.plist";
				IPHONEOS_DEPLOYMENT_TARGET = 8.0;
				LD_RUNPATH_SEARCH_PATHS = "$(inherited) @executable_path/Frameworks";
				PRODUCT_BUNDLE_IDENTIFIER = com.allbto.DynamicRegistration;
				PRODUCT_NAME = DynamicRegistration;
			};
			name = Debug;
		};
		37DD13121C695CBF008F7826 /* Release */ = {
			isa = XCBuildConfiguration;
			baseConfigurationReference = 02098F8B1CE9BB7C88CA131B /* Pods-DynamicRegistration.release.xcconfig */;
			buildSettings = {
				ASSETCATALOG_COMPILER_APPICON_NAME = AppIcon;
				INFOPLIST_FILE = "$(SRCROOT)/DynamicRegistration/Info.plist";
				IPHONEOS_DEPLOYMENT_TARGET = 8.0;
				LD_RUNPATH_SEARCH_PATHS = "$(inherited) @executable_path/Frameworks";
				PRODUCT_BUNDLE_IDENTIFIER = com.allbto.DynamicRegistration;
				PRODUCT_NAME = DynamicRegistration;
			};
			name = Release;
		};
/* End XCBuildConfiguration section */

/* Begin XCConfigurationList section */
		37DD12F91C695CBF008F7826 /* Build configuration list for PBXProject "DynamicRegistration" */ = {
			isa = XCConfigurationList;
			buildConfigurations = (
				37DD130E1C695CBF008F7826 /* Debug */,
				37DD130F1C695CBF008F7826 /* Release */,
			);
			defaultConfigurationIsVisible = 0;
			defaultConfigurationName = Release;
		};
		37DD13101C695CBF008F7826 /* Build configuration list for PBXNativeTarget "DynamicRegistration" */ = {
			isa = XCConfigurationList;
			buildConfigurations = (
				37DD13111C695CBF008F7826 /* Debug */,
				37DD13121C695CBF008F7826 /* Release */,
			);
			defaultConfigurationIsVisible = 0;
			defaultConfigurationName = Release;
		};
/* End XCConfigurationList section */
	};
	rootObject = 37DD12F61C695CBF008F7826 /* Project object */;
}
